{
  "name": "taskops-monorepo",
  "version": "0.10.1",
  "lockfileVersion": 3,
  "requires": true,
  "packages": {
    "": {
      "name": "taskops-monorepo",
      "version": "0.10.1",
      "workspaces": [
        "cli"
      ]
    },
    "cli": {
      "name": "taskops",
      "version": "0.10.1",
      "license": "MIT",
      "bin": {
        "taskops": "bin/taskops.js"
      },
      "engines": {
        "node": ">=22"
      }
    },
    "node_modules/taskops": {
      "resolved": "cli",
      "link": true
    }
  }
}
